
Microsoft Visual Studio Solution File, Format Version 12.00
# Visual Studio Version 17
VisualStudioVersion = 17.1.32421.90
MinimumVisualStudioVersion = 10.0.40219.1
Project("{FAE04EC0-301F-11D3-BF4B-00C04F79EFBC}") = "Pantalla", "Pantalla\Pantalla.csproj", "{48F0EE07-4BCF-4558-97DA-D92AFF099A2C}"
EndProject
Global
	GlobalSection(SolutionConfigurationPlatforms) = preSolution
		Debug|Any CPU = Debug|Any CPU
		Release|Any CPU = Release|Any CPU
	EndGlobalSection
	GlobalSection(ProjectConfigurationPlatforms) = postSolution
		{48F0EE07-4BCF-4558-97DA-D92AFF099A2C}.Debug|Any CPU.ActiveCfg = Debug|Any CPU
		{48F0EE07-4BCF-4558-97DA-D92AFF099A2C}.Debug|Any CPU.Build.0 = Debug|Any CPU
		{48F0EE07-4BCF-4558-97DA-D92AFF099A2C}.Release|Any CPU.ActiveCfg = Release|Any CPU
		{48F0EE07-4BCF-4558-97DA-D92AFF099A2C}.Release|Any CPU.Build.0 = Release|Any CPU
	EndGlobalSection
	GlobalSection(SolutionProperties) = preSolution
		HideSolutionNode = FALSE
	EndGlobalSection
	GlobalSection(ExtensibilityGlobals) = postSolution
		SolutionGuid = {7ECB07A2-3517-42F4-A88E-3D88B2EE011D}
	EndGlobalSection
EndGlobal
